
Microsoft Visual Studio Solution File, Format Version 12.00
# Visual Studio Version 16
VisualStudioVersion = 16.0.30002.166
MinimumVisualStudioVersion = 10.0.40219.1
Project("{FAE04EC0-301F-11D3-BF4B-00C04F79EFBC}") = "ImageDownloader", "ImageDownloader.csproj", "{03528547-9A40-4441-9F79-FD55B6783F2F}"
EndProject
Global
	GlobalSection(SolutionConfigurationPlatforms) = preSolution
		Debug|Any CPU = Debug|Any CPU
		Release|Any CPU = Release|Any CPU
	EndGlobalSection
	GlobalSection(ProjectConfigurationPlatforms) = postSolution
		{03528547-9A40-4441-9F79-FD55B6783F2F}.Debug|Any CPU.ActiveCfg = Debug|Any CPU
		{03528547-9A40-4441-9F79-FD55B6783F2F}.Debug|Any CPU.Build.0 = Debug|Any CPU
		{03528547-9A40-4441-9F79-FD55B6783F2F}.Release|Any CPU.ActiveCfg = Release|Any CPU
		{03528547-9A40-4441-9F79-FD55B6783F2F}.Release|Any CPU.Build.0 = Release|Any CPU
	EndGlobalSection
	GlobalSection(SolutionProperties) = preSolution
		HideSolutionNode = FALSE
	EndGlobalSection
	GlobalSection(ExtensibilityGlobals) = postSolution
		SolutionGuid = {29C873AF-5EAA-4B94-8B67-FAA507F68044}
	EndGlobalSection
EndGlobal
